
Microsoft Visual Studio Solution File, Format Version 12.00
# Visual Studio Version 17
VisualStudioVersion = 17.9.34701.34
MinimumVisualStudioVersion = 10.0.40219.1
Project("{FAE04EC0-301F-11D3-BF4B-00C04F79EFBC}") = "KartMan.Api", "KartMan.Api\KartMan.Api.csproj", "{FC441301-992B-49B4-B7CD-623ED0C02E93}"
EndProject
Global
	GlobalSection(SolutionConfigurationPlatforms) = preSolution
		Debug|Any CPU = Debug|Any CPU
		Release|Any CPU = Release|Any CPU
	EndGlobalSection
	GlobalSection(ProjectConfigurationPlatforms) = postSolution
		{FC441301-992B-49B4-B7CD-623ED0C02E93}.Debug|Any CPU.ActiveCfg = Debug|Any CPU
		{FC441301-992B-49B4-B7CD-623ED0C02E93}.Debug|Any CPU.Build.0 = Debug|Any CPU
		{FC441301-992B-49B4-B7CD-623ED0C02E93}.Release|Any CPU.ActiveCfg = Release|Any CPU
		{FC441301-992B-49B4-B7CD-623ED0C02E93}.Release|Any CPU.Build.0 = Release|Any CPU
	EndGlobalSection
	GlobalSection(SolutionProperties) = preSolution
		HideSolutionNode = FALSE
	EndGlobalSection
	GlobalSection(ExtensibilityGlobals) = postSolution
		SolutionGuid = {4FB617AB-E296-4FCF-80F8-8DC3B784725F}
	EndGlobalSection
EndGlobal
